
Microsoft Visual Studio Solution File, Format Version 12.00
# Visual Studio Version 16
VisualStudioVersion = 16.0.29911.84
MinimumVisualStudioVersion = 10.0.40219.1
Project("{FAE04EC0-301F-11D3-BF4B-00C04F79EFBC}") = "parcial2", "parcial2.csproj", "{CA2AAD77-F1C8-4C60-AD41-F66D7AD62190}"
EndProject
Global
	GlobalSection(SolutionConfigurationPlatforms) = preSolution
		Debug|Any CPU = Debug|Any CPU
		Release|Any CPU = Release|Any CPU
	EndGlobalSection
	GlobalSection(ProjectConfigurationPlatforms) = postSolution
		{CA2AAD77-F1C8-4C60-AD41-F66D7AD62190}.Debug|Any CPU.ActiveCfg = Debug|Any CPU
		{CA2AAD77-F1C8-4C60-AD41-F66D7AD62190}.Debug|Any CPU.Build.0 = Debug|Any CPU
		{CA2AAD77-F1C8-4C60-AD41-F66D7AD62190}.Release|Any CPU.ActiveCfg = Release|Any CPU
		{CA2AAD77-F1C8-4C60-AD41-F66D7AD62190}.Release|Any CPU.Build.0 = Release|Any CPU
	EndGlobalSection
	GlobalSection(SolutionProperties) = preSolution
		HideSolutionNode = FALSE
	EndGlobalSection
	GlobalSection(ExtensibilityGlobals) = postSolution
		SolutionGuid = {12C512D7-87AA-4DC8-A8AA-2722E35CD7B8}
	EndGlobalSection
EndGlobal
